
Microsoft Visual Studio Solution File, Format Version 12.00
# Visual Studio Version 16
VisualStudioVersion = 16.0.29911.84
MinimumVisualStudioVersion = 10.0.40219.1
Project("{FAE04EC0-301F-11D3-BF4B-00C04F79EFBC}") = "DatabaseFirstASPApp", "DatabaseFirstASPApp\DatabaseFirstASPApp.csproj", "{79531B62-3C64-4D7A-A9EC-131B706FEEC8}"
EndProject
Global
	GlobalSection(SolutionConfigurationPlatforms) = preSolution
		Debug|Any CPU = Debug|Any CPU
		Release|Any CPU = Release|Any CPU
	EndGlobalSection
	GlobalSection(ProjectConfigurationPlatforms) = postSolution
		{79531B62-3C64-4D7A-A9EC-131B706FEEC8}.Debug|Any CPU.ActiveCfg = Debug|Any CPU
		{79531B62-3C64-4D7A-A9EC-131B706FEEC8}.Debug|Any CPU.Build.0 = Debug|Any CPU
		{79531B62-3C64-4D7A-A9EC-131B706FEEC8}.Release|Any CPU.ActiveCfg = Release|Any CPU
		{79531B62-3C64-4D7A-A9EC-131B706FEEC8}.Release|Any CPU.Build.0 = Release|Any CPU
	EndGlobalSection
	GlobalSection(SolutionProperties) = preSolution
		HideSolutionNode = FALSE
	EndGlobalSection
	GlobalSection(ExtensibilityGlobals) = postSolution
		SolutionGuid = {BB3C90F5-BE7D-4A52-8B1F-985D66DDE33F}
	EndGlobalSection
EndGlobal
